schema: '2.0'
stages:
  preprocess_data:
    cmd: python scripts/01_preprocess_data.py
    deps:
    - path: data/imported_data/toxcast_data.csv.gz
      hash: md5
      md5: 92911bbf9c1e2ad85231014859388cd6
      size: 404948
    - path: scripts/01_preprocess_data.py
      hash: md5
      md5: 1c066b261424f519e6d60edcc8c40911
      size: 4960
    outs:
    - path: data/intermediate_data/ml_ready_data.tsv
      hash: md5
      md5: 7c8bf55086ed791b50edceb063af29a8
      size: 78377228
  assign_groups@APR_HepG2_CellLoss_72h_dn:
    cmd: python scripts/02_assign_groups.py  --endpoint APR_HepG2_CellLoss_72h_dn  --n_groups
      5
    deps:
    - path: data/intermediate_data/ml_ready_data.tsv
      hash: md5
      md5: 7c8bf55086ed791b50edceb063af29a8
      size: 78377228
    - path: scripts/02_assign_groups.py
      hash: md5
      md5: ddd8944a91211982e1665fafe42c7a4e
      size: 7342
    outs:
    - path: data/intermediate_data/presplit_data/presplit_data_APR_HepG2_CellLoss_72h_dn.tsv
      hash: md5
      md5: f76a151f71762e7d04f5a334e761deda
      size: 69040
  assign_groups@ATG_NRF2_ARE_CIS_up:
    cmd: python scripts/02_assign_groups.py  --endpoint ATG_NRF2_ARE_CIS_up  --n_groups
      5
    deps:
    - path: data/intermediate_data/ml_ready_data.tsv
      hash: md5
      md5: 7c8bf55086ed791b50edceb063af29a8
      size: 78377228
    - path: scripts/02_assign_groups.py
      hash: md5
      md5: ddd8944a91211982e1665fafe42c7a4e
      size: 7342
    outs:
    - path: data/intermediate_data/presplit_data/presplit_data_ATG_NRF2_ARE_CIS_up.tsv
      hash: md5
      md5: c8ac706e499925cc4fa43e7b6bfe4b10
      size: 185667
  assign_groups@ATG_PXRE_CIS_up:
    cmd: python scripts/02_assign_groups.py  --endpoint ATG_PXRE_CIS_up  --n_groups
      5
    deps:
    - path: data/intermediate_data/ml_ready_data.tsv
      hash: md5
      md5: 7c8bf55086ed791b50edceb063af29a8
      size: 78377228
    - path: scripts/02_assign_groups.py
      hash: md5
      md5: ddd8944a91211982e1665fafe42c7a4e
      size: 7342
    outs:
    - path: data/intermediate_data/presplit_data/presplit_data_ATG_PXRE_CIS_up.tsv
      hash: md5
      md5: 9c7ed2fa1f2e09c65ff1542bf8257516
      size: 172748
  assign_groups@BSK_3C_HLADR_down:
    cmd: python scripts/02_assign_groups.py  --endpoint BSK_3C_HLADR_down  --n_groups
      5
    deps:
    - path: data/intermediate_data/ml_ready_data.tsv
      hash: md5
      md5: 7c8bf55086ed791b50edceb063af29a8
      size: 78377228
    - path: scripts/02_assign_groups.py
      hash: md5
      md5: ddd8944a91211982e1665fafe42c7a4e
      size: 7342
    outs:
    - path: data/intermediate_data/presplit_data/presplit_data_BSK_3C_HLADR_down.tsv
      hash: md5
      md5: 18760e63340d387a2ad3f69e13dd8f60
      size: 83815
  assign_groups@BSK_3C_Proliferation_down:
    cmd: python scripts/02_assign_groups.py  --endpoint BSK_3C_Proliferation_down  --n_groups
      5
    deps:
    - path: data/intermediate_data/ml_ready_data.tsv
      hash: md5
      md5: 7c8bf55086ed791b50edceb063af29a8
      size: 78377228
    - path: scripts/02_assign_groups.py
      hash: md5
      md5: ddd8944a91211982e1665fafe42c7a4e
      size: 7342
    outs:
    - path: data/intermediate_data/presplit_data/presplit_data_BSK_3C_Proliferation_down.tsv
      hash: md5
      md5: 1fae1f5a1375bcb891bf6b7c58af1f72
      size: 94875
  assign_groups@BSK_3C_SRB_down:
    cmd: python scripts/02_assign_groups.py  --endpoint BSK_3C_SRB_down  --n_groups
      5
    deps:
    - path: data/intermediate_data/ml_ready_data.tsv
      hash: md5
      md5: 7c8bf55086ed791b50edceb063af29a8
      size: 78377228
    - path: scripts/02_assign_groups.py
      hash: md5
      md5: ddd8944a91211982e1665fafe42c7a4e
      size: 7342
    outs:
    - path: data/intermediate_data/presplit_data/presplit_data_BSK_3C_SRB_down.tsv
      hash: md5
      md5: a8bbece4e62d3b9358fb1b01388720c8
      size: 80988
  assign_groups@BSK_3C_Vis_down:
    cmd: python scripts/02_assign_groups.py  --endpoint BSK_3C_Vis_down  --n_groups
      5
    deps:
    - path: data/intermediate_data/ml_ready_data.tsv
      hash: md5
      md5: 7c8bf55086ed791b50edceb063af29a8
      size: 78377228
    - path: scripts/02_assign_groups.py
      hash: md5
      md5: ddd8944a91211982e1665fafe42c7a4e
      size: 7342
    outs:
    - path: data/intermediate_data/presplit_data/presplit_data_BSK_3C_Vis_down.tsv
      hash: md5
      md5: 636305e358ba57d38374112e7f69438c
      size: 80792
  assign_groups@BSK_4H_Eotaxin3_down:
    cmd: python scripts/02_assign_groups.py  --endpoint BSK_4H_Eotaxin3_down  --n_groups
      5
    deps:
    - path: data/intermediate_data/ml_ready_data.tsv
      hash: md5
      md5: 7c8bf55086ed791b50edceb063af29a8
      size: 78377228
    - path: scripts/02_assign_groups.py
      hash: md5
      md5: ddd8944a91211982e1665fafe42c7a4e
      size: 7342
    outs:
    - path: data/intermediate_data/presplit_data/presplit_data_BSK_4H_Eotaxin3_down.tsv
      hash: md5
      md5: 0d98f94cdfc509195244633a0ca04d91
      size: 88069
  assign_groups@BSK_CASM3C_Proliferation_down:
    cmd: python scripts/02_assign_groups.py  --endpoint BSK_CASM3C_Proliferation_down  --n_groups
      5
    deps:
    - path: data/intermediate_data/ml_ready_data.tsv
      hash: md5
      md5: 7c8bf55086ed791b50edceb063af29a8
      size: 78377228
    - path: scripts/02_assign_groups.py
      hash: md5
      md5: ddd8944a91211982e1665fafe42c7a4e
      size: 7342
    outs:
    - path: 
        data/intermediate_data/presplit_data/presplit_data_BSK_CASM3C_Proliferation_down.tsv
      hash: md5
      md5: dabc352e7b78b817feead274f43e31ec
      size: 100366
  assign_groups@BSK_LPS_VCAM1_down:
    cmd: python scripts/02_assign_groups.py  --endpoint BSK_LPS_VCAM1_down  --n_groups
      5
    deps:
    - path: data/intermediate_data/ml_ready_data.tsv
      hash: md5
      md5: 7c8bf55086ed791b50edceb063af29a8
      size: 78377228
    - path: scripts/02_assign_groups.py
      hash: md5
      md5: ddd8944a91211982e1665fafe42c7a4e
      size: 7342
    outs:
    - path: data/intermediate_data/presplit_data/presplit_data_BSK_LPS_VCAM1_down.tsv
      hash: md5
      md5: 1aa80981088f167989b3b53274057229
      size: 85195
  assign_groups@BSK_SAg_CD38_down:
    cmd: python scripts/02_assign_groups.py  --endpoint BSK_SAg_CD38_down  --n_groups
      5
    deps:
    - path: data/intermediate_data/ml_ready_data.tsv
      hash: md5
      md5: 7c8bf55086ed791b50edceb063af29a8
      size: 78377228
    - path: scripts/02_assign_groups.py
      hash: md5
      md5: ddd8944a91211982e1665fafe42c7a4e
      size: 7342
    outs:
    - path: data/intermediate_data/presplit_data/presplit_data_BSK_SAg_CD38_down.tsv
      hash: md5
      md5: e363b5cf54c637da3b6e453c53e1968d
      size: 84052
  assign_groups@BSK_SAg_CD40_down:
    cmd: python scripts/02_assign_groups.py  --endpoint BSK_SAg_CD40_down  --n_groups
      5
    deps:
    - path: data/intermediate_data/ml_ready_data.tsv
      hash: md5
      md5: 7c8bf55086ed791b50edceb063af29a8
      size: 78377228
    - path: scripts/02_assign_groups.py
      hash: md5
      md5: ddd8944a91211982e1665fafe42c7a4e
      size: 7342
    outs:
    - path: data/intermediate_data/presplit_data/presplit_data_BSK_SAg_CD40_down.tsv
      hash: md5
      md5: 8e0de12e3573509b5025069dee411079
      size: 83898
  assign_groups@BSK_SAg_Proliferation_down:
    cmd: python scripts/02_assign_groups.py  --endpoint BSK_SAg_Proliferation_down  --n_groups
      5
    deps:
    - path: data/intermediate_data/ml_ready_data.tsv
      hash: md5
      md5: 7c8bf55086ed791b50edceb063af29a8
      size: 78377228
    - path: scripts/02_assign_groups.py
      hash: md5
      md5: ddd8944a91211982e1665fafe42c7a4e
      size: 7342
    outs:
    - path: 
        data/intermediate_data/presplit_data/presplit_data_BSK_SAg_Proliferation_down.tsv
      hash: md5
      md5: 4c651c1311e9d52c33071fabe6a8d598
      size: 96235
  assign_groups@BSK_hDFCGF_CollagenIII_down:
    cmd: python scripts/02_assign_groups.py  --endpoint BSK_hDFCGF_CollagenIII_down  --n_groups
      5
    deps:
    - path: data/intermediate_data/ml_ready_data.tsv
      hash: md5
      md5: 7c8bf55086ed791b50edceb063af29a8
      size: 78377228
    - path: scripts/02_assign_groups.py
      hash: md5
      md5: ddd8944a91211982e1665fafe42c7a4e
      size: 7342
    outs:
    - path: 
        data/intermediate_data/presplit_data/presplit_data_BSK_hDFCGF_CollagenIII_down.tsv
      hash: md5
      md5: f5ffc2393ae6493baf054bfb0746ea2d
      size: 97463
  assign_groups@BSK_hDFCGF_Proliferation_down:
    cmd: python scripts/02_assign_groups.py  --endpoint BSK_hDFCGF_Proliferation_down  --n_groups
      5
    deps:
    - path: data/intermediate_data/ml_ready_data.tsv
      hash: md5
      md5: 7c8bf55086ed791b50edceb063af29a8
      size: 78377228
    - path: scripts/02_assign_groups.py
      hash: md5
      md5: ddd8944a91211982e1665fafe42c7a4e
      size: 7342
    outs:
    - path: 
        data/intermediate_data/presplit_data/presplit_data_BSK_hDFCGF_Proliferation_down.tsv
      hash: md5
      md5: 9cab3d7d92aa6c44877561ced6de5f0f
      size: 100252
  assign_groups@CEETOX_H295R_11DCORT_dn:
    cmd: python scripts/02_assign_groups.py  --endpoint CEETOX_H295R_11DCORT_dn  --n_groups
      5
    deps:
    - path: data/intermediate_data/ml_ready_data.tsv
      hash: md5
      md5: 7c8bf55086ed791b50edceb063af29a8
      size: 78377228
    - path: scripts/02_assign_groups.py
      hash: md5
      md5: ddd8944a91211982e1665fafe42c7a4e
      size: 7342
    outs:
    - path: data/intermediate_data/presplit_data/presplit_data_CEETOX_H295R_11DCORT_dn.tsv
      hash: md5
      md5: e8104899a97f1b5cabba87eb7cfa9876
      size: 32994
  assign_groups@CEETOX_H295R_ANDR_dn:
    cmd: python scripts/02_assign_groups.py  --endpoint CEETOX_H295R_ANDR_dn  --n_groups
      5
    deps:
    - path: data/intermediate_data/ml_ready_data.tsv
      hash: md5
      md5: 7c8bf55086ed791b50edceb063af29a8
      size: 78377228
    - path: scripts/02_assign_groups.py
      hash: md5
      md5: ddd8944a91211982e1665fafe42c7a4e
      size: 7342
    outs:
    - path: data/intermediate_data/presplit_data/presplit_data_CEETOX_H295R_ANDR_dn.tsv
      hash: md5
      md5: a00a7522720704898b199490046c1327
      size: 31665
  assign_groups@TOX21_ARE_BLA_agonist_ratio:
    cmd: python scripts/02_assign_groups.py  --endpoint TOX21_ARE_BLA_agonist_ratio  --n_groups
      5
    deps:
    - path: data/intermediate_data/ml_ready_data.tsv
      hash: md5
      md5: 7c8bf55086ed791b50edceb063af29a8
      size: 78377228
    - path: scripts/02_assign_groups.py
      hash: md5
      md5: ddd8944a91211982e1665fafe42c7a4e
      size: 7342
    outs:
    - path: 
        data/intermediate_data/presplit_data/presplit_data_TOX21_ARE_BLA_agonist_ratio.tsv
      hash: md5
      md5: cd0ab094c6c5a7658495e457abc7d67f
      size: 442437
  assign_groups@TOX21_TR_LUC_GH3_Antagonist:
    cmd: python scripts/02_assign_groups.py  --endpoint TOX21_TR_LUC_GH3_Antagonist  --n_groups
      5
    deps:
    - path: data/intermediate_data/ml_ready_data.tsv
      hash: md5
      md5: 7c8bf55086ed791b50edceb063af29a8
      size: 78377228
    - path: scripts/02_assign_groups.py
      hash: md5
      md5: ddd8944a91211982e1665fafe42c7a4e
      size: 7342
    outs:
    - path: 
        data/intermediate_data/presplit_data/presplit_data_TOX21_TR_LUC_GH3_Antagonist.tsv
      hash: md5
      md5: e4492fc35a30ccf700ab1b92992de917
      size: 497988
  ml_experiments@APR_HepG2_CellLoss_72h_dn:
    cmd: python ./scripts/03_ml_experiments.py --endpoint APR_HepG2_CellLoss_72h_dn
    deps:
    - path: ./scripts/03_ml_experiments.py
      hash: md5
      md5: 2921f62d64a8a4ac03fd66f4cbadc9ef
      size: 5879
    - path: data/intermediate_data/presplit_data/presplit_data_APR_HepG2_CellLoss_72h_dn.tsv
      hash: md5
      md5: f76a151f71762e7d04f5a334e761deda
      size: 69040
    outs:
    - path: 
        ./data/intermediate_data/model_predictions/morgan_fingerprint_predictions_APR_HepG2_CellLoss_72h_dn.tsv.gz
      hash: md5
      md5: ddd8ec276556146662d53553bb75c683
      size: 77117
