schema: '2.0'
stages:
  assign_groups:
    cmd: python scripts/01_assign_groups.py
    deps:
    - path: data/imported_data/ml_ready_data.tsv
      hash: md5
      md5: 54295e0f2b66a62728981c4cd31a27ad
      size: 78378626
    - path: scripts/01_assign_groups.py
      hash: md5
      md5: 133526275a90b23fe516fc3dfe95be7b
      size: 4859
    outs:
    - path: data/intermediate_data/tox21_presplit.tsv
      hash: md5
      md5: 8d2926c17b2039fb316e44026c480bce
      size: 89745147
  ml_experiments@APR_HepG2_CellLoss_72h_dn:
    cmd: python ./scripts/02_ml_experiments.py --endpoint APR_HepG2_CellLoss_72h_dn
    deps:
    - path: ./data/intermediate_data/tox21_presplit.tsv
      hash: md5
      md5: 8d2926c17b2039fb316e44026c480bce
      size: 89745147
    - path: ./scripts/02_ml_experiments.py
      hash: md5
      md5: cca50499de42e4b97b1186c3fb4c0853
      size: 6258
    outs:
    - path: 
        ./data/intermediate_data/model_predictions/test_set_predictions_APR_HepG2_CellLoss_72h_dn.tsv.gz
      hash: md5
      md5: c8553f6470d72cea4aae79d56a871230
      size: 83393
